{
  "nodes": {
    "conflake": {
      "inputs": {
        "nixpkgs": [
          "tree-sitter-parsers",
          "nixpkgs"
        ]
      },
      "locked": {
        "lastModified": 1739025932,
        "narHash": "sha256-8BbSpXfJfy3R7XYX43dQeYZJ7K+IDCfGZb1KgRHN0Pg=",
        "owner": "ratson",
        "repo": "conflake",
        "rev": "69b5b014b79ecd457aa698e383602b07d52683c4",
        "type": "github"
      },
      "original": {
        "owner": "ratson",
        "repo": "conflake",
        "type": "github"
      }
    },
    "home-manager": {
      "inputs": {
        "nixpkgs": [
          "nixpkgs"
        ]
      },
      "locked": {
        "lastModified": 1746287478,
        "narHash": "sha256-z3HiHR2CNAdwyZTWPM2kkzhE1gD1G6ExPxkaiQfNh7s=",
        "owner": "nix-community",
        "repo": "home-manager",
        "rev": "75268f62525920c4936404a056f37b91e299c97e",
        "type": "github"
      },
      "original": {
        "owner": "nix-community",
        "repo": "home-manager",
        "type": "github"
      }
    },
    "nix-secrets": {
      "inputs": {
        "nixpkgs": "nixpkgs"
      },
      "locked": {
        "lastModified": 1746312057,
        "narHash": "sha256-cdKi1dSuHybJ/DIcUTZAcLB1ku09msdwBsbbCN7KOBA=",
        "ref": "refs/heads/main",
        "rev": "57cb8ecbfb816b97c1bd4edd3aeb3dffea7661d1",
        "revCount": 9,
        "type": "git",
        "url": "ssh://git@github.com/PrestonHager/nixos-secrets.git"
      },
      "original": {
        "type": "git",
        "url": "ssh://git@github.com/PrestonHager/nixos-secrets.git"
      }
    },
    "nixpkgs": {
      "locked": {
        "lastModified": 1745930157,
        "narHash": "sha256-y3h3NLnzRSiUkYpnfvnS669zWZLoqqI6NprtLQ+5dck=",
        "owner": "nixos",
        "repo": "nixpkgs",
        "rev": "46e634be05ce9dc6d4db8e664515ba10b78151ae",
        "type": "github"
      },
      "original": {
        "owner": "nixos",
        "ref": "nixos-unstable",
        "repo": "nixpkgs",
        "type": "github"
      }
    },
    "nixpkgs_2": {
      "locked": {
        "lastModified": 1746232882,
        "narHash": "sha256-MHmBH2rS8KkRRdoU/feC/dKbdlMkcNkB5mwkuipVHeQ=",
        "owner": "nixos",
        "repo": "nixpkgs",
        "rev": "7a2622e2c0dbad5c4493cb268aba12896e28b008",
        "type": "github"
      },
      "original": {
        "owner": "nixos",
        "ref": "nixos-unstable",
        "repo": "nixpkgs",
        "type": "github"
      }
    },
    "nixpkgs_3": {
      "locked": {
        "lastModified": 1738958807,
        "narHash": "sha256-h0WKgHTLkjwjRNTkqByQquS7N/15SqIFMQ356Ww8uCA=",
        "owner": "NixOS",
        "repo": "nixpkgs",
        "rev": "e8d0b02af0958823c955aaab3c82b03f54411d91",
        "type": "github"
      },
      "original": {
        "owner": "NixOS",
        "ref": "nixpkgs-unstable",
        "repo": "nixpkgs",
        "type": "github"
      }
    },
    "root": {
      "inputs": {
        "home-manager": "home-manager",
        "nix-secrets": "nix-secrets",
        "nixpkgs": "nixpkgs_2",
        "sops-nix": "sops-nix",
        "tree-sitter-parsers": "tree-sitter-parsers"
      }
    },
    "sops-nix": {
      "inputs": {
        "nixpkgs": [
          "nixpkgs"
        ]
      },
      "locked": {
        "lastModified": 1745310711,
        "narHash": "sha256-ePyTpKEJTgX0gvgNQWd7tQYQ3glIkbqcW778RpHlqgA=",
        "owner": "Mic92",
        "repo": "sops-nix",
        "rev": "5e3e92b16d6fdf9923425a8d4df7496b2434f39c",
        "type": "github"
      },
      "original": {
        "owner": "Mic92",
        "repo": "sops-nix",
        "type": "github"
      }
    },
    "tree-sitter-parsers": {
      "inputs": {
        "conflake": "conflake",
        "nixpkgs": "nixpkgs_3"
      },
      "locked": {
        "lastModified": 1739028560,
        "narHash": "sha256-7joUNhdZfSkuGL65Lbsmuf/NviUjuGtAhbfdPYuFGjk=",
        "owner": "ratson",
        "repo": "nix-treesitter",
        "rev": "d9d35e37a5b2aee2f3f4d14c66e2bf0604dae4ce",
        "type": "github"
      },
      "original": {
        "owner": "ratson",
        "repo": "nix-treesitter",
        "type": "github"
      }
    }
  },
  "root": "root",
  "version": 7
}
