{
  "nodes": {
    "conflake": {
      "inputs": {
        "nixpkgs": [
          "tree-sitter-parsers",
          "nixpkgs"
        ]
      },
      "locked": {
        "lastModified": 1739025932,
        "narHash": "sha256-8BbSpXfJfy3R7XYX43dQeYZJ7K+IDCfGZb1KgRHN0Pg=",
        "owner": "ratson",
        "repo": "conflake",
        "rev": "69b5b014b79ecd457aa698e383602b07d52683c4",
        "type": "github"
      },
      "original": {
        "owner": "ratson",
        "repo": "conflake",
        "type": "github"
      }
    },
    "home-manager": {
      "inputs": {
        "nixpkgs": [
          "nixpkgs"
        ]
      },
      "locked": {
        "lastModified": 1728337164,
        "narHash": "sha256-VdRTjJFyq4Q9U7Z/UoC2Q5jK8vSo6E86lHc2OanXtvc=",
        "owner": "nix-community",
        "repo": "home-manager",
        "rev": "038630363e7de57c36c417fd2f5d7c14773403e4",
        "type": "github"
      },
      "original": {
        "owner": "nix-community",
        "repo": "home-manager",
        "type": "github"
      }
    },
    "nixpkgs": {
      "locked": {
        "lastModified": 1728241625,
        "narHash": "sha256-yumd4fBc/hi8a9QgA9IT8vlQuLZ2oqhkJXHPKxH/tRw=",
        "owner": "nixos",
        "repo": "nixpkgs",
        "rev": "c31898adf5a8ed202ce5bea9f347b1c6871f32d1",
        "type": "github"
      },
      "original": {
        "owner": "nixos",
        "ref": "nixos-unstable",
        "repo": "nixpkgs",
        "type": "github"
      }
    },
    "nixpkgs_2": {
      "locked": {
        "lastModified": 1739451785,
        "narHash": "sha256-3ebRdThRic9bHMuNi2IAA/ek9b32bsy8F5R4SvGTIog=",
        "owner": "NixOS",
        "repo": "nixpkgs",
        "rev": "1128e89fd5e11bb25aedbfc287733c6502202ea9",
        "type": "github"
      },
      "original": {
        "owner": "NixOS",
        "ref": "nixpkgs-unstable",
        "repo": "nixpkgs",
        "type": "github"
      }
    },
    "root": {
      "inputs": {
        "home-manager": "home-manager",
        "nixpkgs": "nixpkgs",
        "tree-sitter-parsers": "tree-sitter-parsers"
      }
    },
    "tree-sitter-parsers": {
      "inputs": {
        "conflake": "conflake",
        "nixpkgs": "nixpkgs_2"
      },
      "locked": {
        "lastModified": 1739028560,
        "narHash": "sha256-7joUNhdZfSkuGL65Lbsmuf/NviUjuGtAhbfdPYuFGjk=",
        "owner": "ratson",
        "repo": "nix-treesitter",
        "rev": "d9d35e37a5b2aee2f3f4d14c66e2bf0604dae4ce",
        "type": "github"
      },
      "original": {
        "owner": "ratson",
        "repo": "nix-treesitter",
        "type": "github"
      }
    }
  },
  "root": "root",
  "version": 7
}
